
Microsoft Visual Studio Solution File, Format Version 12.00
# Visual Studio Version 16
VisualStudioVersion = 16.0.31005.135
MinimumVisualStudioVersion = 10.0.40219.1
Project("{FAE04EC0-301F-11D3-BF4B-00C04F79EFBC}") = "ConsoleApp1", "ConsoleApp1\ConsoleApp1.csproj", "{EDCF55AB-FEAE-44C7-ACB5-5F406B99765B}"
EndProject
Global
	GlobalSection(SolutionConfigurationPlatforms) = preSolution
		Debug|Any CPU = Debug|Any CPU
		Release|Any CPU = Release|Any CPU
	EndGlobalSection
	GlobalSection(ProjectConfigurationPlatforms) = postSolution
		{EDCF55AB-FEAE-44C7-ACB5-5F406B99765B}.Debug|Any CPU.ActiveCfg = Debug|Any CPU
		{EDCF55AB-FEAE-44C7-ACB5-5F406B99765B}.Debug|Any CPU.Build.0 = Debug|Any CPU
		{EDCF55AB-FEAE-44C7-ACB5-5F406B99765B}.Release|Any CPU.ActiveCfg = Release|Any CPU
		{EDCF55AB-FEAE-44C7-ACB5-5F406B99765B}.Release|Any CPU.Build.0 = Release|Any CPU
	EndGlobalSection
	GlobalSection(SolutionProperties) = preSolution
		HideSolutionNode = FALSE
	EndGlobalSection
	GlobalSection(ExtensibilityGlobals) = postSolution
		SolutionGuid = {33A7DBF1-653F-44EB-B3DF-C591737CBC1C}
	EndGlobalSection
EndGlobal
